<?xml version="1.0" encoding="utf-8"?>
<Project ToolsVersion="4.0" xmlns="http://schemas.microsoft.com/developer/msbuild/2003">
  <ItemGroup>
    <Filter Include="Source Files">
      <UniqueIdentifier>{4FC737F1-C7A5-4376-A066-2A32D752A2FF}</UniqueIdentifier>
      <Extensions>cpp;c;cc;cxx;c++;cppm;ixx;def;odl;idl;hpj;bat;asm;asmx</Extensions>
    </Filter>
    <Filter Include="Header Files">
      <UniqueIdentifier>{93995380-89BD-4b04-88EB-625FBE52EBFB}</UniqueIdentifier>
      <Extensions>h;hh;hpp;hxx;h++;hm;inl;inc;ipp;xsd</Extensions>
    </Filter>
    <Filter Include="Resource Files">
      <UniqueIdentifier>{67DA6AB6-F800-4c08-8B7A-83BB121AAD01}</UniqueIdentifier>
      <Extensions>rc;ico;cur;bmp;dlg;rc2;rct;bin;rgs;gif;jpg;jpeg;jpe;resx;tiff;tif;png;wav;mfcribbon-ms</Extensions>
    </Filter>
    <Filter Include="RealmOfEchoes">
      <UniqueIdentifier>{227ff232-ebf3-40ca-86e0-acc8296cae17}</UniqueIdentifier>
    </Filter>
    <Filter Include="IronFist">
      <UniqueIdentifier>{a033b8ba-2501-4371-afa3-6a9df10a6abb}</UniqueIdentifier>
    </Filter>
    <Filter Include="ShatterShift">
      <UniqueIdentifier>{2bc10de0-4081-4806-839a-cfcc05046f79}</UniqueIdentifier>
    </Filter>
    <Filter Include="SkySurge">
      <UniqueIdentifier>{ba92feff-ee21-4057-aa89-045ad2f34bb6}</UniqueIdentifier>
    </Filter>
  </ItemGroup>
  <ItemGroup>
    <ClCompile Include="main.cpp">
      <Filter>Source Files</Filter>
    </ClCompile>
    <ClCompile Include="GameWindow.cpp">
      <Filter>Source Files</Filter>
    </ClCompile>
    <ClCompile Include="WelcomeScreen.cpp">
      <Filter>Source Files</Filter>
    </ClCompile>
    <ClCompile Include="MainMenu.cpp">
      <Filter>Source Files</Filter>
    </ClCompile>
    <ClCompile Include="Veilwalker.cpp">
      <Filter>RealmOfEchoes</Filter>
    </ClCompile>
    <ClCompile Include="Spirit.cpp">
      <Filter>RealmOfEchoes</Filter>
    </ClCompile>
    <ClCompile Include="Item.cpp">
      <Filter>RealmOfEchoes</Filter>
    </ClCompile>
    <ClCompile Include="Ability.cpp">
      <Filter>RealmOfEchoes</Filter>
    </ClCompile>
    <ClCompile Include="Inventory.cpp">
      <Filter>RealmOfEchoes</Filter>
    </ClCompile>
    <ClCompile Include="Battle.cpp">
      <Filter>RealmOfEchoes</Filter>
    </ClCompile>
    <ClCompile Include="Region.cpp">
      <Filter>RealmOfEchoes</Filter>
    </ClCompile>
    <ClCompile Include="QuestLog.cpp">
      <Filter>RealmOfEchoes</Filter>
    </ClCompile>
    <ClCompile Include="FileManager.cpp">
      <Filter>RealmOfEchoes</Filter>
    </ClCompile>
    <ClCompile Include="RealmOfEchoes.cpp">
      <Filter>RealmOfEchoes</Filter>
    </ClCompile>
    <ClCompile Include="ScoresStatus.cpp">
      <Filter>Source Files</Filter>
    </ClCompile>
    <ClCompile Include="GameLogger.cpp">
      <Filter>Source Files</Filter>
    </ClCompile>
    <ClCompile Include="AssetLoader.cpp">
      <Filter>Source Files</Filter>
    </ClCompile>
    <ClCompile Include="AudioManager.cpp">
      <Filter>Source Files</Filter>
    </ClCompile>
    <ClCompile Include="IronFist.cpp">
      <Filter>Source Files</Filter>
    </ClCompile>
    <ClCompile Include="combat.cpp">
      <Filter>Source Files</Filter>
    </ClCompile>
    <ClCompile Include="enemy.cpp">
      <Filter>Source Files</Filter>
    </ClCompile>
    <ClCompile Include="player.cpp">
      <Filter>Source Files</Filter>
    </ClCompile>
    <ClCompile Include="scoreboard.cpp">
      <Filter>Source Files</Filter>
    </ClCompile>
    <ClCompile Include="ui.cpp">
      <Filter>Source Files</Filter>
    </ClCompile>
  </ItemGroup>
  <ItemGroup>
    <ClInclude Include="GameWindow.h">
      <Filter>Header Files</Filter>
    </ClInclude>
    <ClInclude Include="WelcomeScreen.h">
      <Filter>Header Files</Filter>
    </ClInclude>
    <ClInclude Include="MainMenu.h">
      <Filter>Header Files</Filter>
    </ClInclude>
    <ClInclude Include="Veilwalker.h">
      <Filter>RealmOfEchoes</Filter>
    </ClInclude>
    <ClInclude Include="Spirit.h">
      <Filter>RealmOfEchoes</Filter>
    </ClInclude>
    <ClInclude Include="Item.h">
      <Filter>RealmOfEchoes</Filter>
    </ClInclude>
    <ClInclude Include="Ability.h">
      <Filter>RealmOfEchoes</Filter>
    </ClInclude>
    <ClInclude Include="Inventory.h">
      <Filter>RealmOfEchoes</Filter>
    </ClInclude>
    <ClInclude Include="Battle.h">
      <Filter>RealmOfEchoes</Filter>
    </ClInclude>
    <ClInclude Include="Region.h">
      <Filter>RealmOfEchoes</Filter>
    </ClInclude>
    <ClInclude Include="QuestLog.h">
      <Filter>RealmOfEchoes</Filter>
    </ClInclude>
    <ClInclude Include="FileManager.h">
      <Filter>RealmOfEchoes</Filter>
    </ClInclude>
    <ClInclude Include="RealmOfEchoes.h">
      <Filter>RealmOfEchoes</Filter>
    </ClInclude>
    <ClInclude Include="IronFist.h">
      <Filter>IronFist</Filter>
    </ClInclude>
    <ClInclude Include="ShatterShift.h">
      <Filter>ShatterShift</Filter>
    </ClInclude>
    <ClInclude Include="SkySurge.h">
      <Filter>SkySurge</Filter>
    </ClInclude>
    <ClInclude Include="ScoresStatus.h">
      <Filter>Header Files</Filter>
    </ClInclude>
    <ClInclude Include="Spirits.h">
      <Filter>RealmOfEchoes</Filter>
    </ClInclude>
    <ClInclude Include="GameLogger.h">
      <Filter>Header Files</Filter>
    </ClInclude>
    <ClInclude Include="AssetLoader.h">
      <Filter>Header Files</Filter>
    </ClInclude>
    <ClInclude Include="AudioManager.h">
      <Filter>Header Files</Filter>
    </ClInclude>
    <ClInclude Include="..\..\..\Desktop\game_project\Brick_breaker_game\Ball.h">
      <Filter>ShatterShift</Filter>
    </ClInclude>
    <ClInclude Include="..\..\..\Desktop\game_project\Brick_breaker_game\Brick.h">
      <Filter>ShatterShift</Filter>
    </ClInclude>
    <ClInclude Include="..\..\..\Desktop\game_project\Brick_breaker_game\Gamescreen.h">
      <Filter>ShatterShift</Filter>
    </ClInclude>
    <ClInclude Include="..\..\..\Desktop\game_project\Brick_breaker_game\Paddle.h">
      <Filter>ShatterShift</Filter>
    </ClInclude>
    <ClInclude Include="..\..\..\Desktop\game_project\Brick_breaker_game\Scoremanager.h">
      <Filter>ShatterShift</Filter>
    </ClInclude>
    <ClInclude Include="combat.h">
      <Filter>Header Files</Filter>
    </ClInclude>
    <ClInclude Include="enemy.h">
      <Filter>Header Files</Filter>
    </ClInclude>
    <ClInclude Include="player.h">
      <Filter>Header Files</Filter>
    </ClInclude>
    <ClInclude Include="scoreboard.h">
      <Filter>Header Files</Filter>
    </ClInclude>
    <ClInclude Include="ui.h">
      <Filter>Header Files</Filter>
    </ClInclude>
  </ItemGroup>
</Project>